
Microsoft Visual Studio Solution File, Format Version 12.00
# Visual Studio 15
VisualStudioVersion = 15.0.27004.2005
MinimumVisualStudioVersion = 10.0.40219.1
Project("{FAE04EC0-301F-11D3-BF4B-00C04F79EFBC}") = "t1", "t1\t1.csproj", "{AE0C3003-59FF-4889-95B0-7CEFE510AE63}"
EndProject
Global
	GlobalSection(SolutionConfigurationPlatforms) = preSolution
		Debug|Any CPU = Debug|Any CPU
		Release|Any CPU = Release|Any CPU
	EndGlobalSection
	GlobalSection(ProjectConfigurationPlatforms) = postSolution
		{AE0C3003-59FF-4889-95B0-7CEFE510AE63}.Debug|Any CPU.ActiveCfg = Debug|Any CPU
		{AE0C3003-59FF-4889-95B0-7CEFE510AE63}.Debug|Any CPU.Build.0 = Debug|Any CPU
		{AE0C3003-59FF-4889-95B0-7CEFE510AE63}.Release|Any CPU.ActiveCfg = Release|Any CPU
		{AE0C3003-59FF-4889-95B0-7CEFE510AE63}.Release|Any CPU.Build.0 = Release|Any CPU
	EndGlobalSection
	GlobalSection(SolutionProperties) = preSolution
		HideSolutionNode = FALSE
	EndGlobalSection
	GlobalSection(ExtensibilityGlobals) = postSolution
		SolutionGuid = {09E4EF12-32FE-4044-8AE0-03721918F9BC}
	EndGlobalSection
EndGlobal
